{
  "nodes": {
    "nixos-hardware": {
      "locked": {
        "lastModified": 1742376361,
        "narHash": "sha256-VFMgJkp/COvkt5dnkZB4D2szVdmF6DGm5ZdVvTUy61c=",
        "owner": "NixOS",
        "repo": "nixos-hardware",
        "rev": "daaae13dff0ecc692509a1332ff9003d9952d7a9",
        "type": "github"
      },
      "original": {
        "owner": "NixOS",
        "repo": "nixos-hardware",
        "type": "github"
      }
    },
    "nixpkgs": {
      "locked": {
        "lastModified": 1742422364,
        "narHash": "sha256-mNqIplmEohk5jRkqYqG19GA8MbQ/D4gQSK0Mu4LvfRQ=",
        "owner": "NixOS",
        "repo": "nixpkgs",
        "rev": "a84ebe20c6bc2ecbcfb000a50776219f48d134cc",
        "type": "github"
      },
      "original": {
        "owner": "NixOS",
        "ref": "nixos-unstable",
        "repo": "nixpkgs",
        "type": "github"
      }
    },
    "root": {
      "inputs": {
        "nixos-hardware": "nixos-hardware",
        "nixpkgs": "nixpkgs"
      }
    }
  },
  "root": "root",
  "version": 7
}
